# THIS IS AN AUTOGENERATED FILE. DO NOT EDIT THIS FILE DIRECTLY.
# yarn lockfile v1


"@firebase/analytics-types@0.4.0":
  version "0.4.0"
  resolved "https://registry.yarnpkg.com/@firebase/analytics-types/-/analytics-types-0.4.0.tgz#d6716f9fa36a6e340bc0ecfe68af325aa6f60508"
  integrity sha512-Jj2xW+8+8XPfWGkv9HPv/uR+Qrmq37NPYT352wf7MvE9LrstpLVmFg3LqG6MCRr5miLAom5sen2gZ+iOhVDeRA==

"@firebase/analytics@0.6.12":
  version "0.6.12"
  resolved "https://registry.yarnpkg.com/@firebase/analytics/-/analytics-0.6.12.tgz#550bc21d1521042aef979b4796fa7db28f06e933"
  integrity sha512-PPC0ax4EBCgDFscPToxNpaqQi4l3Ft6lqgUiM9lMqZt2PPWmiKN9Lg2ZCxtBU40uZrueEcTESmvaqQ6BKCZVEw==
  dependencies:
    "@firebase/analytics-types" "0.4.0"
    "@firebase/component" "0.5.2"
    "@firebase/installations" "0.4.28"
    "@firebase/logger" "0.2.6"
    "@firebase/util" "1.1.0"
    tslib "^2.1.0"

"@firebase/app-check-interop-types@0.1.0":
  version "0.1.0"
  resolved "https://registry.yarnpkg.com/@firebase/app-check-interop-types/-/app-check-interop-types-0.1.0.tgz#83afd9d41f99166c2bdb2d824e5032e9edd8fe53"
  integrity sha512-uZfn9s4uuRsaX5Lwx+gFP3B6YsyOKUE+Rqa6z9ojT4VSRAsZFko9FRn6OxQUA1z5t5d08fY4pf+/+Dkd5wbdbA==

"@firebase/app-check-types@0.1.0":
  version "0.1.0"
  resolved "https://registry.yarnpkg.com/@firebase/app-check-types/-/app-check-types-0.1.0.tgz#75602650c5f118891834280b72addcac513c4b7d"
  integrity sha512-jf92QzVkj9ulyp/K01h/GpVYNSjuk6DP9nHkq4AUyM+35e96cl9gL3+qOTD0//5CVfrWjRo7+lbVlW2OpG/JDQ==

"@firebase/app-check@0.1.3":
  version "0.1.3"
  resolved "https://registry.yarnpkg.com/@firebase/app-check/-/app-check-0.1.3.tgz#ef15d916d0f21436b4f26e23e4dc0049e222f9ee"
  integrity sha512-5OtOnxGxXXRgi9Y+nP91Nr6aXBo/l5wrWqALDpceH0xHLIBbFowkXyplnlkuy1/txgnLs0z/n0xmaEa9KaQkZw==
  dependencies:
    "@firebase/app-check-interop-types" "0.1.0"
    "@firebase/app-check-types" "0.1.0"
    "@firebase/component" "0.5.2"
    "@firebase/logger" "0.2.6"
    "@firebase/util" "1.1.0"
    tslib "^2.1.0"

"@firebase/app-types@0.6.2":
  version "0.6.2"
  resolved "https://registry.yarnpkg.com/@firebase/app-types/-/app-types-0.6.2.tgz#8578cb1061a83ced4570188be9e225d54e0f27fb"
  integrity sha512-2VXvq/K+n8XMdM4L2xy5bYp2ZXMawJXluUIDzUBvMthVR+lhxK4pfFiqr1mmDbv9ydXvEAuFsD+6DpcZuJcSSw==

"@firebase/app@0.6.26":
  version "0.6.26"
  resolved "https://registry.yarnpkg.com/@firebase/app/-/app-0.6.26.tgz#c46ed28f5ed602a7432992d364d2d97944913540"
  integrity sha512-y4tpb+uiYLQC5+/AHBtIGZMaTjJ2BHQEsXmPqxyhfVFDzWMcXFsc//RVxA/0OejajhJR6GeqDcIS3m47mUD+Aw==
  dependencies:
    "@firebase/app-types" "0.6.2"
    "@firebase/component" "0.5.2"
    "@firebase/logger" "0.2.6"
    "@firebase/util" "1.1.0"
    dom-storage "2.1.0"
    tslib "^2.1.0"
    xmlhttprequest "1.8.0"

"@firebase/auth-interop-types@0.1.6":
  version "0.1.6"
  resolved "https://registry.yarnpkg.com/@firebase/auth-interop-types/-/auth-interop-types-0.1.6.tgz#5ce13fc1c527ad36f1bb1322c4492680a6cf4964"
  integrity sha512-etIi92fW3CctsmR9e3sYM3Uqnoq861M0Id9mdOPF6PWIg38BXL5k4upCNBggGUpLIS0H1grMOvy/wn1xymwe2g==

"@firebase/auth-types@0.10.3":
  version "0.10.3"
  resolved "https://registry.yarnpkg.com/@firebase/auth-types/-/auth-types-0.10.3.tgz#2be7dd93959c8f5304c63e09e98718e103464d8c"
  integrity sha512-zExrThRqyqGUbXOFrH/sowuh2rRtfKHp9SBVY2vOqKWdCX1Ztn682n9WLtlUDsiYVIbBcwautYWk2HyCGFv0OA==

"@firebase/auth@0.16.6":
  version "0.16.6"
  resolved "https://registry.yarnpkg.com/@firebase/auth/-/auth-0.16.6.tgz#0fc7a11561b939865fd486cd1909a3e81742fd82"
  integrity sha512-1Lj3AY40Z2weCK6FuJqUEkeVJpRaaCo1LT6P5s3VIR99PDYLHeMm2m02rBaskE7ralJA975Vkv7sHrpykRfDrA==
  dependencies:
    "@firebase/auth-types" "0.10.3"

"@firebase/component@0.5.2":
  version "0.5.2"
  resolved "https://registry.yarnpkg.com/@firebase/component/-/component-0.5.2.tgz#57d7740d0c30447adbb7c78e8d4ce3ae87e23e0a"
  integrity sha512-QT+o6VaBCz/k8wmC/DErU9dQK2QeIoHtkBkryZVTSRkrvulglEWNIpbPp86UbuqZZd1wwzoh6m7BL6JbdEp9SQ==
  dependencies:
    "@firebase/util" "1.1.0"
    tslib "^2.1.0"

"@firebase/database-types@0.7.2":
  version "0.7.2"
  resolved "https://registry.yarnpkg.com/@firebase/database-types/-/database-types-0.7.2.tgz#449c4b36ec59a1ad9089797b540e2ba1c0d4fcbf"
  integrity sha512-cdAd/dgwvC0r3oLEDUR+ULs1vBsEvy0b27nlzKhU6LQgm9fCDzgaH9nFGv8x+S9dly4B0egAXkONkVoWcOAisg==
  dependencies:
    "@firebase/app-types" "0.6.2"

"@firebase/database@0.10.4":
  version "0.10.4"
  resolved "https://registry.yarnpkg.com/@firebase/database/-/database-0.10.4.tgz#10670740703c3e3b5f46cf453c0fa4fe5553cc52"
  integrity sha512-Mi6fJGzv9JH+GoYhgzSQAxsUhanW4jU6lqe/9kTyxNxHd+asphoJXJcKDs97uxRaowmSzu5LSAkGlWe63vJ7wA==
  dependencies:
    "@firebase/auth-interop-types" "0.1.6"
    "@firebase/component" "0.5.2"
    "@firebase/database-types" "0.7.2"
    "@firebase/logger" "0.2.6"
    "@firebase/util" "1.1.0"
    faye-websocket "0.11.3"
    tslib "^2.1.0"

"@firebase/firestore-types@2.3.0":
  version "2.3.0"
  resolved "https://registry.yarnpkg.com/@firebase/firestore-types/-/firestore-types-2.3.0.tgz#baf5c9470ba8be96bf0d76b83b413f03104cf565"
  integrity sha512-QTW7NP7nDL0pgT/X53lyj+mIMh4nRQBBTBlRNQBt7eSyeqBf3ag3bxdQhCg358+5KbjYTC2/O6QtX9DlJZmh1A==

"@firebase/firestore@2.3.6":
  version "2.3.6"
  resolved "https://registry.yarnpkg.com/@firebase/firestore/-/firestore-2.3.6.tgz#f000f4695102d9a7c6f7d3f62560a6cdbe493f85"
  integrity sha512-e+W8LyiF9mEEJfYYUETEG6YaMKDeza58YwWCUkXMo1Rpahm9gqRfEDOisH25Wn6CElWOY5xaln40dxzZI+6Xow==
  dependencies:
    "@firebase/component" "0.5.2"
    "@firebase/firestore-types" "2.3.0"
    "@firebase/logger" "0.2.6"
    "@firebase/util" "1.1.0"
    "@firebase/webchannel-wrapper" "0.5.0"
    "@grpc/grpc-js" "^1.3.2"
    "@grpc/proto-loader" "^0.5.0"
    node-fetch "2.6.1"
    tslib "^2.1.0"

"@firebase/functions-types@0.4.0":
  version "0.4.0"
  resolved "https://registry.yarnpkg.com/@firebase/functions-types/-/functions-types-0.4.0.tgz#0b789f4fe9a9c0b987606c4da10139345b40f6b9"
  integrity sha512-3KElyO3887HNxtxNF1ytGFrNmqD+hheqjwmT3sI09FaDCuaxGbOnsXAXH2eQ049XRXw9YQpHMgYws/aUNgXVyQ==

"@firebase/functions@0.6.11":
  version "0.6.11"
  resolved "https://registry.yarnpkg.com/@firebase/functions/-/functions-0.6.11.tgz#67b304af19e70b790a17bca21044b09a7a43baf2"
  integrity sha512-4H6bVpVGFks+niCmLgF3YxUJPiKjadsS3bpDyYdxrad7QvMQdU+t3NY7aRJWwkmehuIX0WPzwmsPaA8UryckUQ==
  dependencies:
    "@firebase/component" "0.5.2"
    "@firebase/functions-types" "0.4.0"
    "@firebase/messaging-types" "0.5.0"
    node-fetch "2.6.1"
    tslib "^2.1.0"

"@firebase/installations-types@0.3.4":
  version "0.3.4"
  resolved "https://registry.yarnpkg.com/@firebase/installations-types/-/installations-types-0.3.4.tgz#589a941d713f4f64bf9f4feb7f463505bab1afa2"
  integrity sha512-RfePJFovmdIXb6rYwtngyxuEcWnOrzdZd9m7xAW0gRxDIjBT20n3BOhjpmgRWXo/DAxRmS7bRjWAyTHY9cqN7Q==

"@firebase/installations@0.4.28":
  version "0.4.28"
  resolved "https://registry.yarnpkg.com/@firebase/installations/-/installations-0.4.28.tgz#700385099a863355b31e271bde5807a86e0fed1e"
  integrity sha512-M8hpEbey+36/Uv6nlHlFq578ti/kw8vezR+RK93LD+62Muo0zakzmQ7KcGsOzzQ2BH28IwHL9Y7DZlLZTcttkg==
  dependencies:
    "@firebase/component" "0.5.2"
    "@firebase/installations-types" "0.3.4"
    "@firebase/util" "1.1.0"
    idb "3.0.2"
    tslib "^2.1.0"

"@firebase/logger@0.2.6":
  version "0.2.6"
  resolved "https://registry.yarnpkg.com/@firebase/logger/-/logger-0.2.6.tgz#3aa2ca4fe10327cabf7808bd3994e88db26d7989"
  integrity sha512-KIxcUvW/cRGWlzK9Vd2KB864HlUnCfdTH0taHE0sXW5Xl7+W68suaeau1oKNEqmc3l45azkd4NzXTCWZRZdXrw==

"@firebase/messaging-types@0.5.0":
  version "0.5.0"
  resolved "https://registry.yarnpkg.com/@firebase/messaging-types/-/messaging-types-0.5.0.tgz#c5d0ef309ced1758fda93ef3ac70a786de2e73c4"
  integrity sha512-QaaBswrU6umJYb/ZYvjR5JDSslCGOH6D9P136PhabFAHLTR4TWjsaACvbBXuvwrfCXu10DtcjMxqfhdNIB1Xfg==

"@firebase/messaging@0.7.12":
  version "0.7.12"
  resolved "https://registry.yarnpkg.com/@firebase/messaging/-/messaging-0.7.12.tgz#81004c51ec1d951b326fe4bf340a2cdb0e4157b9"
  integrity sha512-Csn+8peSY/IwY+tEgoYP49n78nQbMOkcVPDbrdq3dXeL9vrZIZtx+Q7hBpM3+pCplfZvmtDuKZy/5p7iZq6RLw==
  dependencies:
    "@firebase/component" "0.5.2"
    "@firebase/installations" "0.4.28"
    "@firebase/messaging-types" "0.5.0"
    "@firebase/util" "1.1.0"
    idb "3.0.2"
    tslib "^2.1.0"

"@firebase/performance-types@0.0.13":
  version "0.0.13"
  resolved "https://registry.yarnpkg.com/@firebase/performance-types/-/performance-types-0.0.13.tgz#58ce5453f57e34b18186f74ef11550dfc558ede6"
  integrity sha512-6fZfIGjQpwo9S5OzMpPyqgYAUZcFzZxHFqOyNtorDIgNXq33nlldTL/vtaUZA8iT9TT5cJlCrF/jthKU7X21EA==

"@firebase/performance@0.4.14":
  version "0.4.14"
  resolved "https://registry.yarnpkg.com/@firebase/performance/-/performance-0.4.14.tgz#ed4cdf7078c63d7b4f58c9676925b3b416a25e02"
  integrity sha512-L1dcoOeQdpmVByjaWGGXSbEN3cq58dqfEjGMsRcIPe40lur6FKDKyYh5e2bWslBTxi2LJlld1R1pbMdeCyl0yw==
  dependencies:
    "@firebase/component" "0.5.2"
    "@firebase/installations" "0.4.28"
    "@firebase/logger" "0.2.6"
    "@firebase/performance-types" "0.0.13"
    "@firebase/util" "1.1.0"
    tslib "^2.1.0"

"@firebase/polyfill@0.3.36":
  version "0.3.36"
  resolved "https://registry.yarnpkg.com/@firebase/polyfill/-/polyfill-0.3.36.tgz#c057cce6748170f36966b555749472b25efdb145"
  integrity sha512-zMM9oSJgY6cT2jx3Ce9LYqb0eIpDE52meIzd/oe/y70F+v9u1LDqk5kUF5mf16zovGBWMNFmgzlsh6Wj0OsFtg==
  dependencies:
    core-js "3.6.5"
    promise-polyfill "8.1.3"
    whatwg-fetch "2.0.4"

"@firebase/remote-config-types@0.1.9":
  version "0.1.9"
  resolved "https://registry.yarnpkg.com/@firebase/remote-config-types/-/remote-config-types-0.1.9.tgz#fe6bbe4d08f3b6e92fce30e4b7a9f4d6a96d6965"
  integrity sha512-G96qnF3RYGbZsTRut7NBX0sxyczxt1uyCgXQuH/eAfUCngxjEGcZQnBdy6mvSdqdJh5mC31rWPO4v9/s7HwtzA==

"@firebase/remote-config@0.1.39":
  version "0.1.39"
  resolved "https://registry.yarnpkg.com/@firebase/remote-config/-/remote-config-0.1.39.tgz#1ba903465c746b6ab559b769925bfeeb88f7eb31"
  integrity sha512-yQMovYpzrjTNvIFz6tOToQGf7+VQp3BI/dydUh5Vse6FMMq8/ZLTzMjcm4bZFb4Yd6yFlECXFBcXHSO/j2Wxiw==
  dependencies:
    "@firebase/component" "0.5.2"
    "@firebase/installations" "0.4.28"
    "@firebase/logger" "0.2.6"
    "@firebase/remote-config-types" "0.1.9"
    "@firebase/util" "1.1.0"
    tslib "^2.1.0"

"@firebase/storage-types@0.4.1":
  version "0.4.1"
  resolved "https://registry.yarnpkg.com/@firebase/storage-types/-/storage-types-0.4.1.tgz#da6582ae217e3db485c90075dc71100ca5064cc6"
  integrity sha512-IM4cRzAnQ6QZoaxVZ5MatBzqXVcp47hOlE28jd9xXw1M9V7gfjhmW0PALGFQx58tPVmuUwIKyoEbHZjV4qRJwQ==

"@firebase/storage@0.5.4":
  version "0.5.4"
  resolved "https://registry.yarnpkg.com/@firebase/storage/-/storage-0.5.4.tgz#11ffed215b7f31ad5e5e15d620a0a2cb1710aa9e"
  integrity sha512-oBeDBqWsEH3w9pn+gACG7ieJmg4czfelJRCPZadGz2oAJDjSp7muAmPVgYsVCZA0dr1GCYymre7XjVecU/cl3g==
  dependencies:
    "@firebase/component" "0.5.2"
    "@firebase/storage-types" "0.4.1"
    "@firebase/util" "1.1.0"
    tslib "^2.1.0"

"@firebase/util@1.1.0":
  version "1.1.0"
  resolved "https://registry.yarnpkg.com/@firebase/util/-/util-1.1.0.tgz#add2d57d0b2307a932520abdee303b66be0ac8b0"
  integrity sha512-lfuSASuPKNdfebuFR8rjFamMQUPH9iiZHcKS755Rkm/5gRT0qC7BMhCh3ZkHf7NVbplzIc/GhmX2jM+igDRCag==
  dependencies:
    tslib "^2.1.0"

"@firebase/webchannel-wrapper@0.5.0":
  version "0.5.0"
  resolved "https://registry.yarnpkg.com/@firebase/webchannel-wrapper/-/webchannel-wrapper-0.5.0.tgz#7c9a250cd272ccb94b3069bb237b5c30c3ce70f6"
  integrity sha512-5808ztHwCy0bE154pmYSR86+uKToDcoxvM7F+nMDJ2NktxujYZLsz10e7iMXrKtyePKNP5VCVgp7s0vsViSKDA==

"@grpc/grpc-js@^1.3.2":
  version "1.3.2"
  resolved "https://registry.yarnpkg.com/@grpc/grpc-js/-/grpc-js-1.3.2.tgz#eae97e6daf5abd49a7818aadeca0744dfb1ebca1"
  integrity sha512-UXepkOKCATJrhHGsxt+CGfpZy9zUn1q9mop5kfcXq1fBkTePxVNPOdnISlCbJFlCtld+pSLGyZCzr9/zVprFKA==
  dependencies:
    "@types/node" ">=12.12.47"

"@grpc/proto-loader@^0.5.0":
  version "0.5.6"
  resolved "https://registry.yarnpkg.com/@grpc/proto-loader/-/proto-loader-0.5.6.tgz#1dea4b8a6412b05e2d58514d507137b63a52a98d"
  integrity sha512-DT14xgw3PSzPxwS13auTEwxhMMOoz33DPUKNtmYK/QYbBSpLXJy78FGGs5yVoxVobEqPm4iW9MOIoz0A3bLTRQ==
  dependencies:
    lodash.camelcase "^4.3.0"
    protobufjs "^6.8.6"

"@protobufjs/aspromise@^1.1.1", "@protobufjs/aspromise@^1.1.2":
  version "1.1.2"
  resolved "https://registry.yarnpkg.com/@protobufjs/aspromise/-/aspromise-1.1.2.tgz#9b8b0cc663d669a7d8f6f5d0893a14d348f30fbf"
  integrity sha1-m4sMxmPWaafY9vXQiToU00jzD78=

"@protobufjs/base64@^1.1.2":
  version "1.1.2"
  resolved "https://registry.yarnpkg.com/@protobufjs/base64/-/base64-1.1.2.tgz#4c85730e59b9a1f1f349047dbf24296034bb2735"
  integrity sha512-AZkcAA5vnN/v4PDqKyMR5lx7hZttPDgClv83E//FMNhR2TMcLUhfRUBHCmSl0oi9zMgDDqRUJkSxO3wm85+XLg==

"@protobufjs/codegen@^2.0.4":
  version "2.0.4"
  resolved "https://registry.yarnpkg.com/@protobufjs/codegen/-/codegen-2.0.4.tgz#7ef37f0d010fb028ad1ad59722e506d9262815cb"
  integrity sha512-YyFaikqM5sH0ziFZCN3xDC7zeGaB/d0IUb9CATugHWbd1FRFwWwt4ld4OYMPWu5a3Xe01mGAULCdqhMlPl29Jg==

"@protobufjs/eventemitter@^1.1.0":
  version "1.1.0"
  resolved "https://registry.yarnpkg.com/@protobufjs/eventemitter/-/eventemitter-1.1.0.tgz#355cbc98bafad5978f9ed095f397621f1d066b70"
  integrity sha1-NVy8mLr61ZePntCV85diHx0Ga3A=

"@protobufjs/fetch@^1.1.0":
  version "1.1.0"
  resolved "https://registry.yarnpkg.com/@protobufjs/fetch/-/fetch-1.1.0.tgz#ba99fb598614af65700c1619ff06d454b0d84c45"
  integrity sha1-upn7WYYUr2VwDBYZ/wbUVLDYTEU=
  dependencies:
    "@protobufjs/aspromise" "^1.1.1"
    "@protobufjs/inquire" "^1.1.0"

"@protobufjs/float@^1.0.2":
  version "1.0.2"
  resolved "https://registry.yarnpkg.com/@protobufjs/float/-/float-1.0.2.tgz#5e9e1abdcb73fc0a7cb8b291df78c8cbd97b87d1"
  integrity sha1-Xp4avctz/Ap8uLKR33jIy9l7h9E=

"@protobufjs/inquire@^1.1.0":
  version "1.1.0"
  resolved "https://registry.yarnpkg.com/@protobufjs/inquire/-/inquire-1.1.0.tgz#ff200e3e7cf2429e2dcafc1140828e8cc638f089"
  integrity sha1-/yAOPnzyQp4tyvwRQIKOjMY48Ik=

"@protobufjs/path@^1.1.2":
  version "1.1.2"
  resolved "https://registry.yarnpkg.com/@protobufjs/path/-/path-1.1.2.tgz#6cc2b20c5c9ad6ad0dccfd21ca7673d8d7fbf68d"
  integrity sha1-bMKyDFya1q0NzP0hynZz2Nf79o0=

"@protobufjs/pool@^1.1.0":
  version "1.1.0"
  resolved "https://registry.yarnpkg.com/@protobufjs/pool/-/pool-1.1.0.tgz#09fd15f2d6d3abfa9b65bc366506d6ad7846ff54"
  integrity sha1-Cf0V8tbTq/qbZbw2ZQbWrXhG/1Q=

"@protobufjs/utf8@^1.1.0":
  version "1.1.0"
  resolved "https://registry.yarnpkg.com/@protobufjs/utf8/-/utf8-1.1.0.tgz#a777360b5b39a1a2e5106f8e858f2fd2d060c570"
  integrity sha1-p3c2C1s5oaLlEG+OhY8v0tBgxXA=

"@types/long@^4.0.1":
  version "4.0.1"
  resolved "https://registry.yarnpkg.com/@types/long/-/long-4.0.1.tgz#459c65fa1867dafe6a8f322c4c51695663cc55e9"
  integrity sha512-5tXH6Bx/kNGd3MgffdmP4dy2Z+G4eaXw0SE81Tq3BNadtnMR5/ySMzX4SLEzHJzSmPNn4HIdpQsBvXMUykr58w==

"@types/node@>=12.12.47", "@types/node@>=13.7.0":
  version "15.12.2"
  resolved "https://registry.yarnpkg.com/@types/node/-/node-15.12.2.tgz#1f2b42c4be7156ff4a6f914b2fb03d05fa84e38d"
  integrity sha512-zjQ69G564OCIWIOHSXyQEEDpdpGl+G348RAKY0XXy9Z5kU9Vzv1GMNnkar/ZJ8dzXB3COzD9Mo9NtRZ4xfgUww==

core-js@3.6.5:
  version "3.6.5"
  resolved "https://registry.yarnpkg.com/core-js/-/core-js-3.6.5.tgz#7395dc273af37fb2e50e9bd3d9fe841285231d1a"
  integrity sha512-vZVEEwZoIsI+vPEuoF9Iqf5H7/M3eeQqWlQnYa8FSKKePuYTf5MWnxb5SDAzCa60b3JBRS5g9b+Dq7b1y/RCrA==

dom-storage@2.1.0:
  version "2.1.0"
  resolved "https://registry.yarnpkg.com/dom-storage/-/dom-storage-2.1.0.tgz#00fb868bc9201357ea243c7bcfd3304c1e34ea39"
  integrity sha512-g6RpyWXzl0RR6OTElHKBl7nwnK87GUyZMYC7JWsB/IA73vpqK2K6LT39x4VepLxlSsWBFrPVLnsSR5Jyty0+2Q==

faye-websocket@0.11.3:
  version "0.11.3"
  resolved "https://registry.yarnpkg.com/faye-websocket/-/faye-websocket-0.11.3.tgz#5c0e9a8968e8912c286639fde977a8b209f2508e"
  integrity sha512-D2y4bovYpzziGgbHYtGCMjlJM36vAl/y+xUyn1C+FVx8szd1E+86KwVw6XvYSzOP8iMpm1X0I4xJD+QtUb36OA==
  dependencies:
    websocket-driver ">=0.5.1"

firebase@^8.6.7:
  version "8.6.7"
  resolved "https://registry.yarnpkg.com/firebase/-/firebase-8.6.7.tgz#400acfb8e0e20da4f8c2320ed6d3f4db65cb68c0"
  integrity sha512-hrprUyHNjmfhQmpWPUYfvsUniVxgNb+GEQpVT/80g+JCDeLIPd/FjNfbcUmGFb/Q0ynhftoN/cZ+vNkv+u8Kpg==
  dependencies:
    "@firebase/analytics" "0.6.12"
    "@firebase/app" "0.6.26"
    "@firebase/app-check" "0.1.3"
    "@firebase/app-types" "0.6.2"
    "@firebase/auth" "0.16.6"
    "@firebase/database" "0.10.4"
    "@firebase/firestore" "2.3.6"
    "@firebase/functions" "0.6.11"
    "@firebase/installations" "0.4.28"
    "@firebase/messaging" "0.7.12"
    "@firebase/performance" "0.4.14"
    "@firebase/polyfill" "0.3.36"
    "@firebase/remote-config" "0.1.39"
    "@firebase/storage" "0.5.4"
    "@firebase/util" "1.1.0"

http-parser-js@>=0.5.1:
  version "0.5.3"
  resolved "https://registry.yarnpkg.com/http-parser-js/-/http-parser-js-0.5.3.tgz#01d2709c79d41698bb01d4decc5e9da4e4a033d9"
  integrity sha512-t7hjvef/5HEK7RWTdUzVUhl8zkEu+LlaE0IYzdMuvbSDipxBRpOn4Uhw8ZyECEa808iVT8XCjzo6xmYt4CiLZg==

idb@3.0.2:
  version "3.0.2"
  resolved "https://registry.yarnpkg.com/idb/-/idb-3.0.2.tgz#c8e9122d5ddd40f13b60ae665e4862f8b13fa384"
  integrity sha512-+FLa/0sTXqyux0o6C+i2lOR0VoS60LU/jzUo5xjfY6+7sEEgy4Gz1O7yFBXvjd7N0NyIGWIRg8DcQSLEG+VSPw==

lodash.camelcase@^4.3.0:
  version "4.3.0"
  resolved "https://registry.yarnpkg.com/lodash.camelcase/-/lodash.camelcase-4.3.0.tgz#b28aa6288a2b9fc651035c7711f65ab6190331a6"
  integrity sha1-soqmKIorn8ZRA1x3EfZathkDMaY=

long@^4.0.0:
  version "4.0.0"
  resolved "https://registry.yarnpkg.com/long/-/long-4.0.0.tgz#9a7b71cfb7d361a194ea555241c92f7468d5bf28"
  integrity sha512-XsP+KhQif4bjX1kbuSiySJFNAehNxgLb6hPRGJ9QsUr8ajHkuXGdrHmFUTUUXhDwVX2R5bY4JNZEwbUiMhV+MA==

node-fetch@2.6.1:
  version "2.6.1"
  resolved "https://registry.yarnpkg.com/node-fetch/-/node-fetch-2.6.1.tgz#045bd323631f76ed2e2b55573394416b639a0052"
  integrity sha512-V4aYg89jEoVRxRb2fJdAg8FHvI7cEyYdVAh94HH0UIK8oJxUfkjlDQN9RbMx+bEjP7+ggMiFRprSti032Oipxw==

promise-polyfill@8.1.3:
  version "8.1.3"
  resolved "https://registry.yarnpkg.com/promise-polyfill/-/promise-polyfill-8.1.3.tgz#8c99b3cf53f3a91c68226ffde7bde81d7f904116"
  integrity sha512-MG5r82wBzh7pSKDRa9y+vllNHz3e3d4CNj1PQE4BQYxLme0gKYYBm9YENq+UkEikyZ0XbiGWxYlVw3Rl9O/U8g==

protobufjs@^6.8.6:
  version "6.11.2"
  resolved "https://registry.yarnpkg.com/protobufjs/-/protobufjs-6.11.2.tgz#de39fabd4ed32beaa08e9bb1e30d08544c1edf8b"
  integrity sha512-4BQJoPooKJl2G9j3XftkIXjoC9C0Av2NOrWmbLWT1vH32GcSUHjM0Arra6UfTsVyfMAuFzaLucXn1sadxJydAw==
  dependencies:
    "@protobufjs/aspromise" "^1.1.2"
    "@protobufjs/base64" "^1.1.2"
    "@protobufjs/codegen" "^2.0.4"
    "@protobufjs/eventemitter" "^1.1.0"
    "@protobufjs/fetch" "^1.1.0"
    "@protobufjs/float" "^1.0.2"
    "@protobufjs/inquire" "^1.1.0"
    "@protobufjs/path" "^1.1.2"
    "@protobufjs/pool" "^1.1.0"
    "@protobufjs/utf8" "^1.1.0"
    "@types/long" "^4.0.1"
    "@types/node" ">=13.7.0"
    long "^4.0.0"

safe-buffer@>=5.1.0:
  version "5.2.1"
  resolved "https://registry.yarnpkg.com/safe-buffer/-/safe-buffer-5.2.1.tgz#1eaf9fa9bdb1fdd4ec75f58f9cdb4e6b7827eec6"
  integrity sha512-rp3So07KcdmmKbGvgaNxQSJr7bGVSVk5S9Eq1F+ppbRo70+YeaDxkw5Dd8NPN+GD6bjnYm2VuPuCXmpuYvmCXQ==

tslib@^2.1.0:
  version "2.3.0"
  resolved "https://registry.yarnpkg.com/tslib/-/tslib-2.3.0.tgz#803b8cdab3e12ba581a4ca41c8839bbb0dacb09e"
  integrity sha512-N82ooyxVNm6h1riLCoyS9e3fuJ3AMG2zIZs2Gd1ATcSFjSA23Q0fzjjZeh0jbJvWVDZ0cJT8yaNNaaXHzueNjg==

websocket-driver@>=0.5.1:
  version "0.7.4"
  resolved "https://registry.yarnpkg.com/websocket-driver/-/websocket-driver-0.7.4.tgz#89ad5295bbf64b480abcba31e4953aca706f5760"
  integrity sha512-b17KeDIQVjvb0ssuSDF2cYXSg2iztliJ4B9WdsuB6J952qCPKmnVq4DyW5motImXHDC1cBT/1UezrJVsKw5zjg==
  dependencies:
    http-parser-js ">=0.5.1"
    safe-buffer ">=5.1.0"
    websocket-extensions ">=0.1.1"

websocket-extensions@>=0.1.1:
  version "0.1.4"
  resolved "https://registry.yarnpkg.com/websocket-extensions/-/websocket-extensions-0.1.4.tgz#7f8473bc839dfd87608adb95d7eb075211578a42"
  integrity sha512-OqedPIGOfsDlo31UNwYbCFMSaO9m9G/0faIHj5/dZFDMFqPTcx6UwqyOy3COEaEOg/9VsGIpdqn62W5KhoKSpg==

whatwg-fetch@2.0.4:
  version "2.0.4"
  resolved "https://registry.yarnpkg.com/whatwg-fetch/-/whatwg-fetch-2.0.4.tgz#dde6a5df315f9d39991aa17621853d720b85566f"
  integrity sha512-dcQ1GWpOD/eEQ97k66aiEVpNnapVj90/+R+SXTPYGHpYBBypfKJEQjLrvMZ7YXbKm21gXd4NcuxUTjiv1YtLng==

xmlhttprequest@1.8.0:
  version "1.8.0"
  resolved "https://registry.yarnpkg.com/xmlhttprequest/-/xmlhttprequest-1.8.0.tgz#67fe075c5c24fef39f9d65f5f7b7fe75171968fc"
  integrity sha1-Z/4HXFwk/vOfnWX197f+dRcZaPw=
